
Microsoft Visual Studio Solution File, Format Version 12.00
# Visual Studio Version 17
VisualStudioVersion = 17.4.33205.214
MinimumVisualStudioVersion = 10.0.40219.1
Project("{FAE04EC0-301F-11D3-BF4B-00C04F79EFBC}") = "AsyncLab", "AsyncLab.csproj", "{6ED065AF-54F4-4960-BAB3-92993FD2EA99}"
EndProject
Global
	GlobalSection(SolutionConfigurationPlatforms) = preSolution
		Debug|Any CPU = Debug|Any CPU
		Release|Any CPU = Release|Any CPU
	EndGlobalSection
	GlobalSection(ProjectConfigurationPlatforms) = postSolution
		{6ED065AF-54F4-4960-BAB3-92993FD2EA99}.Debug|Any CPU.ActiveCfg = Debug|Any CPU
		{6ED065AF-54F4-4960-BAB3-92993FD2EA99}.Debug|Any CPU.Build.0 = Debug|Any CPU
		{6ED065AF-54F4-4960-BAB3-92993FD2EA99}.Release|Any CPU.ActiveCfg = Release|Any CPU
		{6ED065AF-54F4-4960-BAB3-92993FD2EA99}.Release|Any CPU.Build.0 = Release|Any CPU
	EndGlobalSection
	GlobalSection(SolutionProperties) = preSolution
		HideSolutionNode = FALSE
	EndGlobalSection
	GlobalSection(ExtensibilityGlobals) = postSolution
		SolutionGuid = {B5E3B8CE-E7C0-47CA-B419-7558E04F1981}
	EndGlobalSection
EndGlobal
